
Microsoft Visual Studio Solution File, Format Version 12.00
# Visual Studio Version 17
VisualStudioVersion = 17.11.35327.3
MinimumVisualStudioVersion = 10.0.40219.1
Project("{888888A0-9F3D-457C-B088-3A5042F75D52}") = "block_one", "block_one.pyproj", "{DDA80E61-BB5D-4D4B-9FAA-B29347D06733}"
EndProject
Global
	GlobalSection(SolutionConfigurationPlatforms) = preSolution
		Debug|Any CPU = Debug|Any CPU
		Release|Any CPU = Release|Any CPU
	EndGlobalSection
	GlobalSection(ProjectConfigurationPlatforms) = postSolution
		{DDA80E61-BB5D-4D4B-9FAA-B29347D06733}.Debug|Any CPU.ActiveCfg = Debug|Any CPU
		{DDA80E61-BB5D-4D4B-9FAA-B29347D06733}.Release|Any CPU.ActiveCfg = Release|Any CPU
	EndGlobalSection
	GlobalSection(SolutionProperties) = preSolution
		HideSolutionNode = FALSE
	EndGlobalSection
	GlobalSection(ExtensibilityGlobals) = postSolution
		SolutionGuid = {9223786B-7338-4FE6-BC75-5A434D52E426}
	EndGlobalSection
EndGlobal
